
Microsoft Visual Studio Solution File, Format Version 12.00
# Visual Studio Version 17
VisualStudioVersion = 17.6.34408.137
MinimumVisualStudioVersion = 10.0.40219.1
Project("{9A19103F-16F7-4668-BE54-9A1E7A4F7556}") = "ProyectoDeSeguridad", "ProyectoDeSeguridad.csproj", "{9B5172B1-45CA-4922-A75E-D50B127C272B}"
EndProject
Global
	GlobalSection(SolutionConfigurationPlatforms) = preSolution
		Debug|Any CPU = Debug|Any CPU
		Release|Any CPU = Release|Any CPU
	EndGlobalSection
	GlobalSection(ProjectConfigurationPlatforms) = postSolution
		{9B5172B1-45CA-4922-A75E-D50B127C272B}.Debug|Any CPU.ActiveCfg = Debug|Any CPU
		{9B5172B1-45CA-4922-A75E-D50B127C272B}.Debug|Any CPU.Build.0 = Debug|Any CPU
		{9B5172B1-45CA-4922-A75E-D50B127C272B}.Release|Any CPU.ActiveCfg = Release|Any CPU
		{9B5172B1-45CA-4922-A75E-D50B127C272B}.Release|Any CPU.Build.0 = Release|Any CPU
	EndGlobalSection
	GlobalSection(SolutionProperties) = preSolution
		HideSolutionNode = FALSE
	EndGlobalSection
	GlobalSection(ExtensibilityGlobals) = postSolution
		SolutionGuid = {8FBFA4F1-FE88-485C-AD9F-DDB85F71D153}
	EndGlobalSection
EndGlobal
